
Microsoft Visual Studio Solution File, Format Version 12.00
# Visual Studio 14
VisualStudioVersion = 14.0.25420.1
MinimumVisualStudioVersion = 10.0.40219.1
Project("{FAE04EC0-301F-11D3-BF4B-00C04F79EFBC}") = "TicketConverter.UnitTests", "TicketConverter.UnitTests\TicketConverter.UnitTests.csproj", "{B70E877C-D2F5-425A-83DD-34AFAE97EA41}"
EndProject
Project("{FAE04EC0-301F-11D3-BF4B-00C04F79EFBC}") = "ScrumDoExtractor", "ScrumDoExtractor\ScrumDoExtractor.csproj", "{9BA15C70-EC8C-44A1-9B69-64BD0857C9C5}"
EndProject
Project("{FAE04EC0-301F-11D3-BF4B-00C04F79EFBC}") = "Contracts", "Contracts\Contracts.csproj", "{4E0E2E24-BE81-4279-9275-4C6B1B53D143}"
EndProject
Global
	GlobalSection(SolutionConfigurationPlatforms) = preSolution
		Debug|Any CPU = Debug|Any CPU
		Release|Any CPU = Release|Any CPU
	EndGlobalSection
	GlobalSection(ProjectConfigurationPlatforms) = postSolution
		{B70E877C-D2F5-425A-83DD-34AFAE97EA41}.Debug|Any CPU.ActiveCfg = Debug|Any CPU
		{B70E877C-D2F5-425A-83DD-34AFAE97EA41}.Debug|Any CPU.Build.0 = Debug|Any CPU
		{B70E877C-D2F5-425A-83DD-34AFAE97EA41}.Release|Any CPU.ActiveCfg = Release|Any CPU
		{B70E877C-D2F5-425A-83DD-34AFAE97EA41}.Release|Any CPU.Build.0 = Release|Any CPU
		{9BA15C70-EC8C-44A1-9B69-64BD0857C9C5}.Debug|Any CPU.ActiveCfg = Debug|Any CPU
		{9BA15C70-EC8C-44A1-9B69-64BD0857C9C5}.Debug|Any CPU.Build.0 = Debug|Any CPU
		{9BA15C70-EC8C-44A1-9B69-64BD0857C9C5}.Release|Any CPU.ActiveCfg = Release|Any CPU
		{9BA15C70-EC8C-44A1-9B69-64BD0857C9C5}.Release|Any CPU.Build.0 = Release|Any CPU
		{4E0E2E24-BE81-4279-9275-4C6B1B53D143}.Debug|Any CPU.ActiveCfg = Debug|Any CPU
		{4E0E2E24-BE81-4279-9275-4C6B1B53D143}.Debug|Any CPU.Build.0 = Debug|Any CPU
		{4E0E2E24-BE81-4279-9275-4C6B1B53D143}.Release|Any CPU.ActiveCfg = Release|Any CPU
		{4E0E2E24-BE81-4279-9275-4C6B1B53D143}.Release|Any CPU.Build.0 = Release|Any CPU
	EndGlobalSection
	GlobalSection(SolutionProperties) = preSolution
		HideSolutionNode = FALSE
	EndGlobalSection
EndGlobal
