
Microsoft Visual Studio Solution File, Format Version 12.00
# Visual Studio 15
VisualStudioVersion = 15.0.27130.2020
MinimumVisualStudioVersion = 10.0.40219.1
Project("{FAE04EC0-301F-11D3-BF4B-00C04F79EFBC}") = "RecurringSlotFinder", "RecurringSlotFinder\RecurringSlotFinder.csproj", "{D073D3A6-0028-4855-B5EA-71D0D02962CA}"
EndProject
Global
	GlobalSection(SolutionConfigurationPlatforms) = preSolution
		Debug|Any CPU = Debug|Any CPU
		Release|Any CPU = Release|Any CPU
	EndGlobalSection
	GlobalSection(ProjectConfigurationPlatforms) = postSolution
		{D073D3A6-0028-4855-B5EA-71D0D02962CA}.Debug|Any CPU.ActiveCfg = Debug|Any CPU
		{D073D3A6-0028-4855-B5EA-71D0D02962CA}.Debug|Any CPU.Build.0 = Debug|Any CPU
		{D073D3A6-0028-4855-B5EA-71D0D02962CA}.Release|Any CPU.ActiveCfg = Release|Any CPU
		{D073D3A6-0028-4855-B5EA-71D0D02962CA}.Release|Any CPU.Build.0 = Release|Any CPU
	EndGlobalSection
	GlobalSection(SolutionProperties) = preSolution
		HideSolutionNode = FALSE
	EndGlobalSection
	GlobalSection(ExtensibilityGlobals) = postSolution
		SolutionGuid = {32208182-4003-4E74-A59B-2A41430E802B}
	EndGlobalSection
EndGlobal
